
Microsoft Visual Studio Solution File, Format Version 12.00
# Visual Studio Version 16
VisualStudioVersion = 16.0.29905.134
MinimumVisualStudioVersion = 10.0.40219.1
Project("{FAE04EC0-301F-11D3-BF4B-00C04F79EFBC}") = "10. Multiply Even by Odds", "07. Methods - Lab\10. Multiply Even by Odds.csproj", "{FC7A6326-51D1-4DD8-98E1-BAE9F73BC855}"
EndProject
Global
	GlobalSection(SolutionConfigurationPlatforms) = preSolution
		Debug|Any CPU = Debug|Any CPU
		Release|Any CPU = Release|Any CPU
	EndGlobalSection
	GlobalSection(ProjectConfigurationPlatforms) = postSolution
		{FC7A6326-51D1-4DD8-98E1-BAE9F73BC855}.Debug|Any CPU.ActiveCfg = Debug|Any CPU
		{FC7A6326-51D1-4DD8-98E1-BAE9F73BC855}.Debug|Any CPU.Build.0 = Debug|Any CPU
		{FC7A6326-51D1-4DD8-98E1-BAE9F73BC855}.Release|Any CPU.ActiveCfg = Release|Any CPU
		{FC7A6326-51D1-4DD8-98E1-BAE9F73BC855}.Release|Any CPU.Build.0 = Release|Any CPU
	EndGlobalSection
	GlobalSection(SolutionProperties) = preSolution
		HideSolutionNode = FALSE
	EndGlobalSection
	GlobalSection(ExtensibilityGlobals) = postSolution
		SolutionGuid = {7B7ACE86-01CF-4388-A98C-605E8214391F}
	EndGlobalSection
EndGlobal
